
Microsoft Visual Studio Solution File, Format Version 12.00
# Visual Studio 14
VisualStudioVersion = 14.0.25420.1
MinimumVisualStudioVersion = 10.0.40219.1
Project("{2150E333-8FDC-42A3-9474-1A3956D46DE8}") = "src", "src", "{D4FF8C7E-8BEF-4B50-9D40-199B3885E3AA}"
EndProject
Project("{2150E333-8FDC-42A3-9474-1A3956D46DE8}") = "Solution Items", "Solution Items", "{7E7D34BD-C76A-49B6-89A9-DD57C2A479F0}"
	ProjectSection(SolutionItems) = preProject
		global.json = global.json
	EndProjectSection
EndProject
Project("{8BB2217D-0F2D-49D1-97BC-3654ED321F3B}") = "TodoList.WebApi", "src\TodoList.WebApi\TodoList.WebApi.xproj", "{85E29074-E76E-450F-A86E-AE988E075F02}"
EndProject
Global
	GlobalSection(SolutionConfigurationPlatforms) = preSolution
		Debug|Any CPU = Debug|Any CPU
		Release|Any CPU = Release|Any CPU
	EndGlobalSection
	GlobalSection(ProjectConfigurationPlatforms) = postSolution
		{85E29074-E76E-450F-A86E-AE988E075F02}.Debug|Any CPU.ActiveCfg = Debug|Any CPU
		{85E29074-E76E-450F-A86E-AE988E075F02}.Debug|Any CPU.Build.0 = Debug|Any CPU
		{85E29074-E76E-450F-A86E-AE988E075F02}.Release|Any CPU.ActiveCfg = Release|Any CPU
		{85E29074-E76E-450F-A86E-AE988E075F02}.Release|Any CPU.Build.0 = Release|Any CPU
	EndGlobalSection
	GlobalSection(SolutionProperties) = preSolution
		HideSolutionNode = FALSE
	EndGlobalSection
	GlobalSection(NestedProjects) = preSolution
		{85E29074-E76E-450F-A86E-AE988E075F02} = {D4FF8C7E-8BEF-4B50-9D40-199B3885E3AA}
	EndGlobalSection
EndGlobal
